// !$*UTF8*$!
{
	archiveVersion = 1;
	classes = {
	};
	objectVersion = 46;
	objects = {

/* Begin PBXBuildFile section */
		484914341ECCBE9C0045DB49 /* AppDelegate.swift in Sources */ = {isa = PBXBuildFile; fileRef = 484914331ECCBE9C0045DB49 /* AppDelegate.swift */; };
		484914361ECCBE9C0045DB49 /* Assets.xcassets in Resources */ = {isa = PBXBuildFile; fileRef = 484914351ECCBE9C0045DB49 /* Assets.xcassets */; };
		484914391ECCBE9C0045DB49 /* LaunchScreen.storyboard in Resources */ = {isa = PBXBuildFile; fileRef = 484914371ECCBE9C0045DB49 /* LaunchScreen.storyboard */; };
		484914441ECCBE9C0045DB49 /* ArrayArithmeticTests.swift in Sources */ = {isa = PBXBuildFile; fileRef = 484914431ECCBE9C0045DB49 /* ArrayArithmeticTests.swift */; };
		4849144F1ECCBF380045DB49 /* ArrayArithmetic.swift in Sources */ = {isa = PBXBuildFile; fileRef = 4849144E1ECCBF380045DB49 /* ArrayArithmetic.swift */; };
		484914511ECCBF8E0045DB49 /* Demo.swift in Sources */ = {isa = PBXBuildFile; fileRef = 484914501ECCBF8E0045DB49 /* Demo.swift */; };
/* End PBXBuildFile section */

/* Begin PBXContainerItemProxy section */
		484914401ECCBE9C0045DB49 /* PBXContainerItemProxy */ = {
			isa = PBXContainerItemProxy;
			containerPortal = 484914281ECCBE9C0045DB49 /* Project object */;
			proxyType = 1;
			remoteGlobalIDString = 4849142F1ECCBE9C0045DB49;
			remoteInfo = ArrayArithmetic;
		};
/* End PBXContainerItemProxy section */

/* Begin PBXFileReference section */
		484914301ECCBE9C0045DB49 /* ArrayArithmetic.app */ = {isa = PBXFileReference; explicitFileType = wrapper.application; includeInIndex = 0; path = ArrayArithmetic.app; sourceTree = BUILT_PRODUCTS_DIR; };
		484914331ECCBE9C0045DB49 /* AppDelegate.swift */ = {isa = PBXFileReference; lastKnownFileType = sourcecode.swift; path = AppDelegate.swift; sourceTree = "<group>"; };
		484914351ECCBE9C0045DB49 /* Assets.xcassets */ = {isa = PBXFileReference; lastKnownFileType = folder.assetcatalog; path = Assets.xcassets; sourceTree = "<group>"; };
		484914381ECCBE9C0045DB49 /* Base */ = {isa = PBXFileReference; lastKnownFileType = file.storyboard; name = Base; path = Base.lproj/LaunchScreen.storyboard; sourceTree = "<group>"; };
		4849143A1ECCBE9C0045DB49 /* Info.plist */ = {isa = PBXFileReference; lastKnownFileType = text.plist.xml; path = Info.plist; sourceTree = "<group>"; };
		4849143F1ECCBE9C0045DB49 /* ArrayArithmeticTests.xctest */ = {isa = PBXFileReference; explicitFileType = wrapper.cfbundle; includeInIndex = 0; path = ArrayArithmeticTests.xctest; sourceTree = BUILT_PRODUCTS_DIR; };
		484914431ECCBE9C0045DB49 /* ArrayArithmeticTests.swift */ = {isa = PBXFileReference; lastKnownFileType = sourcecode.swift; path = ArrayArithmeticTests.swift; sourceTree = "<group>"; };
		484914451ECCBE9C0045DB49 /* Info.plist */ = {isa = PBXFileReference; lastKnownFileType = text.plist.xml; path = Info.plist; sourceTree = "<group>"; };
		4849144E1ECCBF380045DB49 /* ArrayArithmetic.swift */ = {isa = PBXFileReference; fileEncoding = 4; lastKnownFileType = sourcecode.swift; path = ArrayArithmetic.swift; sourceTree = "<group>"; };
		484914501ECCBF8E0045DB49 /* Demo.swift */ = {isa = PBXFileReference; fileEncoding = 4; lastKnownFileType = sourcecode.swift; path = Demo.swift; sourceTree = "<group>"; };
/* End PBXFileReference section */

/* Begin PBXFrameworksBuildPhase section */
		4849142D1ECCBE9C0045DB49 /* Frameworks */ = {
			isa = PBXFrameworksBuildPhase;
			buildActionMask = 2147483647;
			files = (
			);
			runOnlyForDeploymentPostprocessing = 0;
		};
		4849143C1ECCBE9C0045DB49 /* Frameworks */ = {
			isa = PBXFrameworksBuildPhase;
			buildActionMask = 2147483647;
			files = (
			);
			runOnlyForDeploymentPostprocessing = 0;
		};
/* End PBXFrameworksBuildPhase section */

/* Begin PBXGroup section */
		484914271ECCBE9C0045DB49 = {
			isa = PBXGroup;
			children = (
				484914321ECCBE9C0045DB49 /* ArrayArithmetic */,
				484914421ECCBE9C0045DB49 /* ArrayArithmeticTests */,
				484914311ECCBE9C0045DB49 /* Products */,
			);
			sourceTree = "<group>";
		};
		484914311ECCBE9C0045DB49 /* Products */ = {
			isa = PBXGroup;
			children = (
				484914301ECCBE9C0045DB49 /* ArrayArithmetic.app */,
				4849143F1ECCBE9C0045DB49 /* ArrayArithmeticTests.xctest */,
			);
			name = Products;
			sourceTree = "<group>";
		};
		484914321ECCBE9C0045DB49 /* ArrayArithmetic */ = {
			isa = PBXGroup;
			children = (
				484914331ECCBE9C0045DB49 /* AppDelegate.swift */,
				484914351ECCBE9C0045DB49 /* Assets.xcassets */,
				484914371ECCBE9C0045DB49 /* LaunchScreen.storyboard */,
				4849143A1ECCBE9C0045DB49 /* Info.plist */,
				4849144E1ECCBF380045DB49 /* ArrayArithmetic.swift */,
				484914501ECCBF8E0045DB49 /* Demo.swift */,
			);
			path = ArrayArithmetic;
			sourceTree = "<group>";
		};
		484914421ECCBE9C0045DB49 /* ArrayArithmeticTests */ = {
			isa = PBXGroup;
			children = (
				484914431ECCBE9C0045DB49 /* ArrayArithmeticTests.swift */,
				484914451ECCBE9C0045DB49 /* Info.plist */,
			);
			path = ArrayArithmeticTests;
			sourceTree = "<group>";
		};
/* End PBXGroup section */

/* Begin PBXNativeTarget section */
		4849142F1ECCBE9C0045DB49 /* ArrayArithmetic */ = {
			isa = PBXNativeTarget;
			buildConfigurationList = 484914481ECCBE9C0045DB49 /* Build configuration list for PBXNativeTarget "ArrayArithmetic" */;
			buildPhases = (
				4849142C1ECCBE9C0045DB49 /* Sources */,
				4849142D1ECCBE9C0045DB49 /* Frameworks */,
				4849142E1ECCBE9C0045DB49 /* Resources */,
			);
			buildRules = (
			);
			dependencies = (
			);
			name = ArrayArithmetic;
			productName = ArrayArithmetic;
			productReference = 484914301ECCBE9C0045DB49 /* ArrayArithmetic.app */;
			productType = "com.apple.product-type.application";
		};
		4849143E1ECCBE9C0045DB49 /* ArrayArithmeticTests */ = {
			isa = PBXNativeTarget;
			buildConfigurationList = 4849144B1ECCBE9C0045DB49 /* Build configuration list for PBXNativeTarget "ArrayArithmeticTests" */;
			buildPhases = (
				4849143B1ECCBE9C0045DB49 /* Sources */,
				4849143C1ECCBE9C0045DB49 /* Frameworks */,
				4849143D1ECCBE9C0045DB49 /* Resources */,
			);
			buildRules = (
			);
			dependencies = (
				484914411ECCBE9C0045DB49 /* PBXTargetDependency */,
			);
			name = ArrayArithmeticTests;
			productName = ArrayArithmeticTests;
			productReference = 4849143F1ECCBE9C0045DB49 /* ArrayArithmeticTests.xctest */;
			productType = "com.apple.product-type.bundle.unit-test";
		};
/* End PBXNativeTarget section */

/* Begin PBXProject section */
		484914281ECCBE9C0045DB49 /* Project object */ = {
			isa = PBXProject;
			attributes = {
				LastSwiftUpdateCheck = 0830;
				LastUpgradeCheck = 0830;
				ORGANIZATIONNAME = ArrayArithmetic;
				TargetAttributes = {
					4849142F1ECCBE9C0045DB49 = {
						CreatedOnToolsVersion = 8.3.2;
						ProvisioningStyle = Manual;
					};
					4849143E1ECCBE9C0045DB49 = {
						CreatedOnToolsVersion = 8.3.2;
						ProvisioningStyle = Automatic;
						TestTargetID = 4849142F1ECCBE9C0045DB49;
					};
				};
			};
			buildConfigurationList = 4849142B1ECCBE9C0045DB49 /* Build configuration list for PBXProject "ArrayArithmetic" */;
			compatibilityVersion = "Xcode 3.2";
			developmentRegion = English;
			hasScannedForEncodings = 0;
			knownRegions = (
				en,
				Base,
			);
			mainGroup = 484914271ECCBE9C0045DB49;
			productRefGroup = 484914311ECCBE9C0045DB49 /* Products */;
			projectDirPath = "";
			projectRoot = "";
			targets = (
				4849142F1ECCBE9C0045DB49 /* ArrayArithmetic */,
				4849143E1ECCBE9C0045DB49 /* ArrayArithmeticTests */,
			);
		};
/* End PBXProject section */

/* Begin PBXResourcesBuildPhase section */
		4849142E1ECCBE9C0045DB49 /* Resources */ = {
			isa = PBXResourcesBuildPhase;
			buildActionMask = 2147483647;
			files = (
				484914361ECCBE9C0045DB49 /* Assets.xcassets in Resources */,
				484914391ECCBE9C0045DB49 /* LaunchScreen.storyboard in Resources */,
			);
			runOnlyForDeploymentPostprocessing = 0;
		};
		4849143D1ECCBE9C0045DB49 /* Resources */ = {
			isa = PBXResourcesBuildPhase;
			buildActionMask = 2147483647;
			files = (
			);
			runOnlyForDeploymentPostprocessing = 0;
		};
/* End PBXResourcesBuildPhase section */

/* Begin PBXSourcesBuildPhase section */
		4849142C1ECCBE9C0045DB49 /* Sources */ = {
			isa = PBXSourcesBuildPhase;
			buildActionMask = 2147483647;
			files = (
				484914341ECCBE9C0045DB49 /* AppDelegate.swift in Sources */,
				4849144F1ECCBF380045DB49 /* ArrayArithmetic.swift in Sources */,
				484914511ECCBF8E0045DB49 /* Demo.swift in Sources */,
			);
			runOnlyForDeploymentPostprocessing = 0;
		};
		4849143B1ECCBE9C0045DB49 /* Sources */ = {
			isa = PBXSourcesBuildPhase;
			buildActionMask = 2147483647;
			files = (
				484914441ECCBE9C0045DB49 /* ArrayArithmeticTests.swift in Sources */,
			);
			runOnlyForDeploymentPostprocessing = 0;
		};
/* End PBXSourcesBuildPhase section */

/* Begin PBXTargetDependency section */
		484914411ECCBE9C0045DB49 /* PBXTargetDependency */ = {
			isa = PBXTargetDependency;
			target = 4849142F1ECCBE9C0045DB49 /* ArrayArithmetic */;
			targetProxy = 484914401ECCBE9C0045DB49 /* PBXContainerItemProxy */;
		};
/* End PBXTargetDependency section */

/* Begin PBXVariantGroup section */
		484914371ECCBE9C0045DB49 /* LaunchScreen.storyboard */ = {
			isa = PBXVariantGroup;
			children = (
				484914381ECCBE9C0045DB49 /* Base */,
			);
			name = LaunchScreen.storyboard;
			sourceTree = "<group>";
		};
/* End PBXVariantGroup section */

/* Begin XCBuildConfiguration section */
		484914461ECCBE9C0045DB49 /* Debug */ = {
			isa = XCBuildConfiguration;
			buildSettings = {
				ALWAYS_SEARCH_USER_PATHS = NO;
				CLANG_ANALYZER_NONNULL = YES;
				CLANG_ANALYZER_NUMBER_OBJECT_CONVERSION = YES_AGGRESSIVE;
				CLANG_CXX_LANGUAGE_STANDARD = "gnu++0x";
				CLANG_CXX_LIBRARY = "libc++";
				CLANG_ENABLE_MODULES = YES;
				CLANG_ENABLE_OBJC_ARC = YES;
				CLANG_WARN_BOOL_CONVERSION = YES;
				CLANG_WARN_CONSTANT_CONVERSION = YES;
				CLANG_WARN_DIRECT_OBJC_ISA_USAGE = YES_ERROR;
				CLANG_WARN_DOCUMENTATION_COMMENTS = YES;
				CLANG_WARN_EMPTY_BODY = YES;
				CLANG_WARN_ENUM_CONVERSION = YES;
				CLANG_WARN_INFINITE_RECURSION = YES;
				CLANG_WARN_INT_CONVERSION = YES;
				CLANG_WARN_OBJC_ROOT_CLASS = YES_ERROR;
				CLANG_WARN_SUSPICIOUS_MOVE = YES;
				CLANG_WARN_UNREACHABLE_CODE = YES;
				CLANG_WARN__DUPLICATE_METHOD_MATCH = YES;
				"CODE_SIGN_IDENTITY[sdk=iphoneos*]" = "iPhone Developer";
				COPY_PHASE_STRIP = NO;
				DEBUG_INFORMATION_FORMAT = dwarf;
				ENABLE_STRICT_OBJC_MSGSEND = YES;
				ENABLE_TESTABILITY = YES;
				GCC_C_LANGUAGE_STANDARD = gnu99;
				GCC_DYNAMIC_NO_PIC = NO;
				GCC_NO_COMMON_BLOCKS = YES;
				GCC_OPTIMIZATION_LEVEL = 0;
				GCC_PREPROCESSOR_DEFINITIONS = (
					"DEBUG=1",
					"$(inherited)",
				);
				GCC_WARN_64_TO_32_BIT_CONVERSION = YES;
				GCC_WARN_ABOUT_RETURN_TYPE = YES_ERROR;
				GCC_WARN_UNDECLARED_SELECTOR = YES;
				GCC_WARN_UNINITIALIZED_AUTOS = YES_AGGRESSIVE;
				GCC_WARN_UNUSED_FUNCTION = YES;
				GCC_WARN_UNUSED_VARIABLE = YES;
				IPHONEOS_DEPLOYMENT_TARGET = 10.3;
				MTL_ENABLE_DEBUG_INFO = YES;
				ONLY_ACTIVE_ARCH = YES;
				SDKROOT = iphoneos;
				SWIFT_ACTIVE_COMPILATION_CONDITIONS = DEBUG;
				SWIFT_OPTIMIZATION_LEVEL = "-Onone";
				TARGETED_DEVICE_FAMILY = "1,2";
			};
			name = Debug;
		};
		484914471ECCBE9C0045DB49 /* Release */ = {
			isa = XCBuildConfiguration;
			buildSettings = {
				ALWAYS_SEARCH_USER_PATHS = NO;
				CLANG_ANALYZER_NONNULL = YES;
				CLANG_ANALYZER_NUMBER_OBJECT_CONVERSION = YES_AGGRESSIVE;
				CLANG_CXX_LANGUAGE_STANDARD = "gnu++0x";
				CLANG_CXX_LIBRARY = "libc++";
				CLANG_ENABLE_MODULES = YES;
				CLANG_ENABLE_OBJC_ARC = YES;
				CLANG_WARN_BOOL_CONVERSION = YES;
				CLANG_WARN_CONSTANT_CONVERSION = YES;
				CLANG_WARN_DIRECT_OBJC_ISA_USAGE = YES_ERROR;
				CLANG_WARN_DOCUMENTATION_COMMENTS = YES;
				CLANG_WARN_EMPTY_BODY = YES;
				CLANG_WARN_ENUM_CONVERSION = YES;
				CLANG_WARN_INFINITE_RECURSION = YES;
				CLANG_WARN_INT_CONVERSION = YES;
				CLANG_WARN_OBJC_ROOT_CLASS = YES_ERROR;
				CLANG_WARN_SUSPICIOUS_MOVE = YES;
				CLANG_WARN_UNREACHABLE_CODE = YES;
				CLANG_WARN__DUPLICATE_METHOD_MATCH = YES;
				"CODE_SIGN_IDENTITY[sdk=iphoneos*]" = "iPhone Developer";
				COPY_PHASE_STRIP = NO;
				DEBUG_INFORMATION_FORMAT = "dwarf-with-dsym";
				ENABLE_NS_ASSERTIONS = NO;
				ENABLE_STRICT_OBJC_MSGSEND = YES;
				GCC_C_LANGUAGE_STANDARD = gnu99;
				GCC_NO_COMMON_BLOCKS = YES;
				GCC_WARN_64_TO_32_BIT_CONVERSION = YES;
				GCC_WARN_ABOUT_RETURN_TYPE = YES_ERROR;
				GCC_WARN_UNDECLARED_SELECTOR = YES;
				GCC_WARN_UNINITIALIZED_AUTOS = YES_AGGRESSIVE;
				GCC_WARN_UNUSED_FUNCTION = YES;
				GCC_WARN_UNUSED_VARIABLE = YES;
				IPHONEOS_DEPLOYMENT_TARGET = 10.3;
				MTL_ENABLE_DEBUG_INFO = NO;
				SDKROOT = iphoneos;
				SWIFT_OPTIMIZATION_LEVEL = "-Owholemodule";
				TARGETED_DEVICE_FAMILY = "1,2";
				VALIDATE_PRODUCT = YES;
			};
			name = Release;
		};
		484914491ECCBE9C0045DB49 /* Debug */ = {
			isa = XCBuildConfiguration;
			buildSettings = {
				ASSETCATALOG_COMPILER_APPICON_NAME = AppIcon;
				DEVELOPMENT_TEAM = "";
				INFOPLIST_FILE = ArrayArithmetic/Info.plist;
				LD_RUNPATH_SEARCH_PATHS = "$(inherited) @executable_path/Frameworks";
				PRODUCT_BUNDLE_IDENTIFIER = com.cyon.ArrayArithmetic;
				PRODUCT_NAME = "$(TARGET_NAME)";
				PROVISIONING_PROFILE_SPECIFIER = "";
				SWIFT_VERSION = 3.0;
			};
			name = Debug;
		};
		4849144A1ECCBE9C0045DB49 /* Release */ = {
			isa = XCBuildConfiguration;
			buildSettings = {
				ASSETCATALOG_COMPILER_APPICON_NAME = AppIcon;
				DEVELOPMENT_TEAM = "";
				INFOPLIST_FILE = ArrayArithmetic/Info.plist;
				LD_RUNPATH_SEARCH_PATHS = "$(inherited) @executable_path/Frameworks";
				PRODUCT_BUNDLE_IDENTIFIER = com.cyon.ArrayArithmetic;
				PRODUCT_NAME = "$(TARGET_NAME)";
				PROVISIONING_PROFILE_SPECIFIER = "";
				SWIFT_VERSION = 3.0;
			};
			name = Release;
		};
		4849144C1ECCBE9C0045DB49 /* Debug */ = {
			isa = XCBuildConfiguration;
			buildSettings = {
				ALWAYS_EMBED_SWIFT_STANDARD_LIBRARIES = YES;
				BUNDLE_LOADER = "$(TEST_HOST)";
				INFOPLIST_FILE = ArrayArithmeticTests/Info.plist;
				LD_RUNPATH_SEARCH_PATHS = "$(inherited) @executable_path/Frameworks @loader_path/Frameworks";
				PRODUCT_BUNDLE_IDENTIFIER = com.cyon.ArrayArithmeticTests;
				PRODUCT_NAME = "$(TARGET_NAME)";
				SWIFT_VERSION = 3.0;
				TEST_HOST = "$(BUILT_PRODUCTS_DIR)/ArrayArithmetic.app/ArrayArithmetic";
			};
			name = Debug;
		};
		4849144D1ECCBE9C0045DB49 /* Release */ = {
			isa = XCBuildConfiguration;
			buildSettings = {
				ALWAYS_EMBED_SWIFT_STANDARD_LIBRARIES = YES;
				BUNDLE_LOADER = "$(TEST_HOST)";
				INFOPLIST_FILE = ArrayArithmeticTests/Info.plist;
				LD_RUNPATH_SEARCH_PATHS = "$(inherited) @executable_path/Frameworks @loader_path/Frameworks";
				PRODUCT_BUNDLE_IDENTIFIER = com.cyon.ArrayArithmeticTests;
				PRODUCT_NAME = "$(TARGET_NAME)";
				SWIFT_VERSION = 3.0;
				TEST_HOST = "$(BUILT_PRODUCTS_DIR)/ArrayArithmetic.app/ArrayArithmetic";
			};
			name = Release;
		};
/* End XCBuildConfiguration section */

/* Begin XCConfigurationList section */
		4849142B1ECCBE9C0045DB49 /* Build configuration list for PBXProject "ArrayArithmetic" */ = {
			isa = XCConfigurationList;
			buildConfigurations = (
				484914461ECCBE9C0045DB49 /* Debug */,
				484914471ECCBE9C0045DB49 /* Release */,
			);
			defaultConfigurationIsVisible = 0;
			defaultConfigurationName = Release;
		};
		484914481ECCBE9C0045DB49 /* Build configuration list for PBXNativeTarget "ArrayArithmetic" */ = {
			isa = XCConfigurationList;
			buildConfigurations = (
				484914491ECCBE9C0045DB49 /* Debug */,
				4849144A1ECCBE9C0045DB49 /* Release */,
			);
			defaultConfigurationIsVisible = 0;
		};
		4849144B1ECCBE9C0045DB49 /* Build configuration list for PBXNativeTarget "ArrayArithmeticTests" */ = {
			isa = XCConfigurationList;
			buildConfigurations = (
				4849144C1ECCBE9C0045DB49 /* Debug */,
				4849144D1ECCBE9C0045DB49 /* Release */,
			);
			defaultConfigurationIsVisible = 0;
		};
/* End XCConfigurationList section */
	};
	rootObject = 484914281ECCBE9C0045DB49 /* Project object */;
}
